{
  "version": 1,
  "packs": [
    {
      "name": "repository",
      "git": "https://github.com/openhoo/hoolicy.git",
      "ref": "v0.2.2",
      "subdir": "packs/repository",
      "commit": "81747ba6f7455b4a412ca7f3e02bf2a503885f08",
      "digest": "sha256:63f24e36e20a45fbf10d07404a870367d2b437267a1a14c703109013b386eba1",
      "vendor": ".hoolicy/vendor/repository",
      "release": "0.1.0"
    }
  ]
}
