{
  "version": 1,
  "packs": [
    {
      "name": "repository",
      "git": "https://github.com/openhoo/hoolicy.git",
      "ref": "v0.3.1",
      "subdir": "packs/repository",
      "commit": "46529a99335938e7284f11099bf15f7e1800e6f5",
      "digest": "sha256:b09429c7f194edefe4320215e587c2e565f325241c573551bd8f9c5d0bf0dc43",
      "vendor": ".hoolicy/vendor/repository",
      "release": "0.1.0"
    }
  ]
}
